
Microsoft Visual Studio Solution File, Format Version 12.00
# Visual Studio Version 16
VisualStudioVersion = 16.0.29215.179
MinimumVisualStudioVersion = 10.0.40219.1
Project("{9A19103F-16F7-4668-BE54-9A1E7A4F7556}") = "Graphic", "home_week3\Graphic.csproj", "{DE69BD4A-B075-4479-A483-EC1ED235D6F8}"
EndProject
Global
	GlobalSection(SolutionConfigurationPlatforms) = preSolution
		Debug|Any CPU = Debug|Any CPU
		Release|Any CPU = Release|Any CPU
	EndGlobalSection
	GlobalSection(ProjectConfigurationPlatforms) = postSolution
		{DE69BD4A-B075-4479-A483-EC1ED235D6F8}.Debug|Any CPU.ActiveCfg = Debug|Any CPU
		{DE69BD4A-B075-4479-A483-EC1ED235D6F8}.Debug|Any CPU.Build.0 = Debug|Any CPU
		{DE69BD4A-B075-4479-A483-EC1ED235D6F8}.Release|Any CPU.ActiveCfg = Release|Any CPU
		{DE69BD4A-B075-4479-A483-EC1ED235D6F8}.Release|Any CPU.Build.0 = Release|Any CPU
	EndGlobalSection
	GlobalSection(SolutionProperties) = preSolution
		HideSolutionNode = FALSE
	EndGlobalSection
	GlobalSection(ExtensibilityGlobals) = postSolution
		SolutionGuid = {492FDFCE-E4CC-450A-831E-5EAE3A51CBBD}
	EndGlobalSection
EndGlobal
